#MicroXplorer Configuration settings - do not modify
Mcu.Family=STM32F3
ProjectManager.MainLocation=Src
PA2.GPIO_PuPd=GPIO_NOPULL
RCC.MCOFreq_Value=72000000
TIM15.Channel-Input_Capture1_from_TI1=TIM_CHANNEL_1
RCC.USART1Freq_Value=72000000
USART2.IPParameters=VirtualMode-Asynchronous,BaudRate
RCC.CortexFreq_Value=72000000
RCC.TIM17Freq_Value=72000000
TIM2.Channel-Input_Capture1_from_TI1=TIM_CHANNEL_1
ProjectManager.KeepUserCode=true
Mcu.UserName=STM32F303RETx
PB10.Mode=Asynchronous
TIM1.IPParameters=Prescaler,Period
USART1.BaudRate=115200
RCC.PLLCLKFreq_Value=72000000
PA14.GPIO_Label=TCK
PC5.Locked=true
RCC.SYSCLKSourceVirtual=RCC_SYSCLKSOURCE_PLLCLK
PA3.GPIO_PuPd=GPIO_NOPULL
ProjectManager.functionlistsort=1-MX_GPIO_Init-GPIO-false-HAL-true,2-SystemClock_Config-RCC-false-HAL-false,3-MX_TIM1_Init-TIM1-false-HAL-true,4-MX_TIM2_Init-TIM2-false-HAL-true,5-MX_TIM3_Init-TIM3-false-HAL-true,6-MX_TIM4_Init-TIM4-false-HAL-true,7-MX_TIM8_Init-TIM8-false-HAL-true,8-MX_TIM15_Init-TIM15-false-HAL-true,9-MX_TIM16_Init-TIM16-false-HAL-true,10-MX_USART1_UART_Init-USART1-false-HAL-true,11-MX_USART2_UART_Init-USART2-false-HAL-true,12-MX_USART3_UART_Init-USART3-false-HAL-true
PA2.GPIO_Speed=GPIO_SPEED_FREQ_LOW
RCC.RTCFreq_Value=40000
PA3.GPIOParameters=GPIO_Speed,GPIO_PuPd,GPIO_Label,GPIO_Mode
PC9.Locked=true
RCC.USART2Freq_Value=36000000
TIM8.Channel-PWM\ Generation4\ CH4=TIM_CHANNEL_4
USART1.IPParameters=VirtualMode-Asynchronous,BaudRate
PC13.GPIO_Label=B1 [Blue PushButton]
PA3.GPIO_Speed=GPIO_SPEED_FREQ_LOW
PB11.Signal=USART3_RX
PA2.GPIOParameters=GPIO_Speed,GPIO_PuPd,GPIO_Label,GPIO_Mode
PinOutPanel.RotationAngle=0
ProjectManager.StackSize=0x400
SH.GPXTI13.0=GPIO_EXTI13
TIM4.Channel-Input_Capture1_from_TI1=TIM_CHANNEL_1
USART3.VirtualMode-Asynchronous=VM_ASYNC
RCC.I2C3Freq_Value=8000000
Mcu.IP4=TIM2
RCC.FCLKCortexFreq_Value=72000000
Mcu.IP5=TIM3
NVIC.SVCall_IRQn=true\:0\:0\:false\:false\:true\:false\:false
Mcu.IP2=SYS
Mcu.IP3=TIM1
Mcu.IP0=NVIC
PA12.Locked=true
Mcu.IP1=RCC
PA12.Signal=S_TIM16_CH1
TIM1.Prescaler=71
USART3.BaudRate=115200
Mcu.UserConstants=
SH.S_TIM16_CH1.ConfNb=1
TIM2.ICPolarity_CH1=TIM_INPUTCHANNELPOLARITY_BOTHEDGE
TIM15.Prescaler=71
SH.GPXTI13.ConfNb=1
Mcu.ThirdPartyNb=0
RCC.HCLKFreq_Value=72000000
Mcu.IPNb=13
RCC.I2SClocksFreq_Value=72000000
TIM2.IPParameters=Channel-Input_Capture1_from_TI1,Prescaler,Period,ICPolarity_CH1
ProjectManager.PreviousToolchain=TrueSTUDIO
RCC.APB2TimFreq_Value=72000000
TIM3.Period=0xffff
Mcu.Pin6=PA1
Mcu.Pin7=PA2
Mcu.Pin8=PA3
Mcu.Pin9=PA5
RCC.AHBFreq_Value=72000000
RCC.TIM2Freq_Value=72000000
Mcu.Pin0=PC13
Mcu.Pin1=PC14-OSC32_IN
TIM8.IPParameters=Channel-PWM Generation3 CH3,Channel-PWM Generation4 CH4,Prescaler,Period
GPIO.groupedBy=Group By Peripherals
Mcu.Pin2=PC15-OSC32_OUT
Mcu.Pin3=PF0-OSC_IN
RCC.USART3Freq_Value=36000000
Mcu.Pin4=PF1-OSC_OUT
Mcu.Pin5=PA0
ProjectManager.ProjectBuild=false
RCC.HSE_VALUE=8000000
TIM3.Channel-Input_Capture1_from_TI1=TIM_CHANNEL_1
NVIC.UsageFault_IRQn=true\:0\:0\:false\:false\:true\:true\:false
PA0.Locked=true
NVIC.DebugMonitor_IRQn=true\:0\:0\:false\:false\:true\:true\:false
Mcu.IP10=USART1
USART2.VirtualMode-Asynchronous=VM_ASYNC
NVIC.SysTick_IRQn=true\:0\:0\:true\:false\:true\:true\:true
RCC.RCC_PLLsource_Clock_Source_FROM_HSE=RCC_HSE_PREDIV_DIV2
Mcu.IP12=USART3
RCC.PLLMUL=RCC_PLL_MUL9
Mcu.IP11=USART2
TIM15.Period=0xffff
ProjectManager.FirmwarePackage=STM32Cube FW_F3 V1.11.2
MxDb.Version=DB.5.0.60
ProjectManager.BackupPrevious=false
PC14-OSC32_IN.Mode=LSE-External-Oscillator
PF0-OSC_IN.Locked=true
PA14.Mode=Serial_Wire
TIM3.Prescaler=71
PA5.GPIO_PuPd=GPIO_NOPULL
NVIC.TIM2_IRQn=true\:0\:0\:false\:false\:true\:true\:true
File.Version=6
PB3.GPIOParameters=GPIO_Label
PB8.Locked=true
NVIC.PendSV_IRQn=true\:0\:0\:false\:false\:true\:false\:false
SH.S_TIM3_CH1.0=TIM3_CH1,Input_Capture1_from_TI1
TIM4.Period=0xffff
ProjectManager.HalAssertFull=false
VP_TIM1_VS_ClockSourceINT.Mode=Internal
ProjectManager.ProjectName=EsoeProject
PA0.Signal=S_TIM2_CH1_ETR
RCC.TIM1Freq_Value=72000000
SH.S_TIM8_CH3.ConfNb=1
PA13.GPIOParameters=GPIO_Label
RCC.PLLMCOFreq_Value=72000000
Mcu.Package=LQFP64
PB9.Signal=S_TIM8_CH3
TIM2.Prescaler=71
PA6.Signal=S_TIM3_CH1
RCC.TIM15Freq_Value=72000000
TIM8.Channel-PWM\ Generation3\ CH3=TIM_CHANNEL_3
SH.S_TIM8_CH4.0=TIM8_CH4,PWM Generation4 CH4
PA5.Locked=true
RCC.ADC34outputFreq_Value=72000000
PA14.Locked=true
ProjectManager.ToolChainLocation=
PA2.GPIO_Label=USART_TX
RCC.LSI_VALUE=40000
VP_SYS_VS_Systick.Signal=SYS_VS_Systick
USART3.IPParameters=VirtualMode-Asynchronous,BaudRate
PA10.Signal=USART1_RX
PA5.GPIOParameters=GPIO_Speed,GPIO_PuPd,GPIO_Label,GPIO_Mode
RCC.TIM16Freq_Value=72000000
TIM8.Prescaler=71
SH.S_TIM4_CH1.0=TIM4_CH1,Input_Capture1_from_TI1
RCC.APB1TimFreq_Value=72000000
NVIC.BusFault_IRQn=true\:0\:0\:false\:false\:true\:true\:false
PC4.Locked=true
PC5.Signal=GPIO_Output
TIM1.Period=10
TIM16.Prescaler=71
TIM16.ICPolarity_CH1=TIM_INPUTCHANNELPOLARITY_BOTHEDGE
ProjectManager.CustomerFirmwarePackage=
PC14-OSC32_IN.Locked=true
PF1-OSC_OUT.Signal=RCC_OSC_OUT
PC4.Mode=Asynchronous
PB3.Locked=true
PA3.Signal=USART2_RX
PA2.GPIO_Mode=GPIO_MODE_AF_PP
SH.S_TIM8_CH3.0=TIM8_CH3,PWM Generation3 CH3
PA2.Locked=true
PB3.GPIO_Label=SWO
PC15-OSC32_OUT.Mode=LSE-External-Oscillator
SH.S_TIM4_CH1.ConfNb=1
ProjectManager.ProjectFileName=EsoeProject.ioc
RCC.ADC12outputFreq_Value=72000000
PA10.Mode=Asynchronous
Mcu.PinsNb=30
ProjectManager.NoMain=false
PC13.Locked=true
PC13.Signal=GPXTI13
PC8.Signal=GPIO_Output
PC4.Signal=USART1_TX
PC6.Signal=GPIO_Input
ProjectManager.DefaultFWLocation=true
SH.S_TIM16_CH1.0=TIM16_CH1,Input_Capture1_from_TI1
VP_TIM16_VS_ClockSourceINT.Mode=Enable_Timer
ProjectManager.DeletePrevious=true
PF1-OSC_OUT.Locked=true
PB14.Locked=true
RCC.APB1CLKDivider=RCC_HCLK_DIV2
PC14-OSC32_IN.Signal=RCC_OSC32_IN
PB10.Locked=true
boardIOC=true
NVIC.USART2_IRQn=true\:0\:0\:false\:false\:true\:true\:true
TIM16.Channel=TIM_CHANNEL_1
USART2.BaudRate=115200
SH.S_TIM2_CH1_ETR.ConfNb=1
RCC.FamilyName=M
USART1.VirtualMode-Asynchronous=VM_ASYNC
PA3.Mode=Asynchronous
PA13.Signal=SYS_JTMS-SWDIO
TIM4.ICPolarity_CH1=TIM_INPUTCHANNELPOLARITY_BOTHEDGE
PA11.Locked=true
PC15-OSC32_OUT.Locked=true
PB11.Mode=Asynchronous
ProjectManager.TargetToolchain=TrueSTUDIO
TIM4.IPParameters=Channel-Input_Capture1_from_TI1,Prescaler,Period,ICPolarity_CH1
PA3.GPIO_Mode=GPIO_MODE_AF_PP
PC6.Locked=true
PC5.GPIOParameters=PinState,GPIO_Label
VP_TIM1_VS_ClockSourceINT.Signal=TIM1_VS_ClockSourceINT
PB9.Locked=true
RCC.USBFreq_Value=72000000
TIM4.Prescaler=71
TIM15.IPParameters=Channel-Input_Capture1_from_TI1,Prescaler,Period,ICPolarity_CH1
PC15-OSC32_OUT.Signal=RCC_OSC32_OUT
PA1.Signal=GPIO_Output
PF0-OSC_IN.Mode=HSE-External-Clock-Source
PB10.Signal=USART3_TX
SH.S_TIM8_CH4.ConfNb=1
PB14.Signal=S_TIM15_CH1
PA5.Signal=GPIO_Output
TIM15.ICPolarity_CH1=TIM_INPUTCHANNELPOLARITY_BOTHEDGE
NVIC.TIM1_BRK_TIM15_IRQn=true\:0\:0\:false\:false\:true\:true\:true
board=NUCLEO-F303RE
ProjectManager.LastFirmware=true
SH.S_TIM15_CH1.0=TIM15_CH1,Input_Capture1_from_TI1
SH.S_TIM15_CH1.ConfNb=1
NVIC.TIM3_IRQn=true\:0\:0\:false\:false\:true\:true\:true
RCC.VCOOutput2Freq_Value=8000000
TIM16.Period=0xffff
RCC.APB2Freq_Value=72000000
RCC.TIM8Freq_Value=72000000
RCC.UART4Freq_Value=36000000
MxCube.Version=5.6.1
RCC.I2C1Freq_Value=8000000
PC13.GPIOParameters=GPIO_Label,GPIO_ModeDefaultEXTI
VP_SYS_VS_Systick.Mode=SysTick
TIM3.ICPolarity_CH1=TIM_INPUTCHANNELPOLARITY_BOTHEDGE
TIM3.IPParameters=Channel-Input_Capture1_from_TI1,Prescaler,Period,ICPolarity_CH1
VP_TIM16_VS_ClockSourceINT.Signal=TIM16_VS_ClockSourceINT
NVIC.NonMaskableInt_IRQn=true\:0\:0\:false\:false\:true\:true\:false
TIM2.Period=0xffffffff
RCC.UART5Freq_Value=36000000
PA13.Mode=Serial_Wire
ProjectManager.FreePins=false
RCC.IPParameters=ADC12outputFreq_Value,ADC34outputFreq_Value,AHBFreq_Value,APB1CLKDivider,APB1Freq_Value,APB1TimFreq_Value,APB2Freq_Value,APB2TimFreq_Value,CortexFreq_Value,FCLKCortexFreq_Value,FamilyName,HCLKFreq_Value,HSE_VALUE,HSI_VALUE,I2C1Freq_Value,I2C2Freq_Value,I2C3Freq_Value,I2SClocksFreq_Value,LSI_VALUE,MCOFreq_Value,PLLCLKFreq_Value,PLLM,PLLMCOFreq_Value,PLLMUL,PLLN,PLLP,PLLQ,RCC_PLLsource_Clock_Source_FROM_HSE,RTCFreq_Value,RTCHSEDivFreq_Value,SYSCLKFreq_VALUE,SYSCLKSourceVirtual,TIM15Freq_Value,TIM16Freq_Value,TIM17Freq_Value,TIM1Freq_Value,TIM20Freq_Value,TIM2Freq_Value,TIM3Freq_Value,TIM8Freq_Value,UART4Freq_Value,UART5Freq_Value,USART1Freq_Value,USART2Freq_Value,USART3Freq_Value,USBFreq_Value,VCOOutput2Freq_Value
ProjectManager.AskForMigrate=true
Mcu.Name=STM32F303R(D-E)Tx
Mcu.Pin26=PB9
Mcu.Pin27=VP_SYS_VS_Systick
RCC.RTCHSEDivFreq_Value=250000
PA2.Signal=USART2_TX
PA13.GPIO_Label=TMS
Mcu.Pin24=PB3
ProjectManager.UnderRoot=true
Mcu.Pin25=PB8
Mcu.IP8=TIM15
TIM8.Period=100
Mcu.IP9=TIM16
Mcu.Pin28=VP_TIM1_VS_ClockSourceINT
Mcu.IP6=TIM4
Mcu.Pin29=VP_TIM16_VS_ClockSourceINT
Mcu.IP7=TIM8
ProjectManager.CoupleFile=false
PB3.Signal=SYS_JTDO-TRACESWO
RCC.SYSCLKFreq_VALUE=72000000
Mcu.Pin22=PA13
Mcu.Pin23=PA14
PA1.Locked=true
Mcu.Pin20=PA11
PA3.Locked=true
Mcu.Pin21=PA12
PC5.PinState=GPIO_PIN_SET
PA5.GPIO_Label=LD2 [Green Led]
PA10.Locked=true
NVIC.ForceEnableDMAVector=true
KeepUserPlacement=false
PC13.GPIO_ModeDefaultEXTI=GPIO_MODE_IT_FALLING
PC5.GPIO_Label=sleep
PA14.GPIOParameters=GPIO_Label
NVIC.MemoryManagement_IRQn=true\:0\:0\:false\:false\:true\:true\:false
PA13.Locked=true
ProjectManager.CompilerOptimize=6
PA11.Signal=S_TIM4_CH1
SH.S_TIM2_CH1_ETR.0=TIM2_CH1,Input_Capture1_from_TI1
PA14.Signal=SYS_JTCK-SWCLK
ProjectManager.HeapSize=0x200
Mcu.Pin15=PB14
NVIC.HardFault_IRQn=true\:0\:0\:false\:false\:true\:true\:false
Mcu.Pin16=PC6
Mcu.Pin13=PB10
Mcu.Pin14=PB11
Mcu.Pin19=PA10
SH.S_TIM3_CH1.ConfNb=1
RCC.TIM20Freq_Value=72000000
ProjectManager.ComputerToolchain=false
Mcu.Pin17=PC8
RCC.HSI_VALUE=8000000
Mcu.Pin18=PC9
RCC.TIM3Freq_Value=72000000
NVIC.TIM1_UP_TIM16_IRQn=true\:0\:0\:false\:false\:true\:true\:true
RCC.PLLP=RCC_PLLP_DIV4
PA5.GPIO_Speed=GPIO_SPEED_FREQ_LOW
RCC.PLLQ=7
NVIC.PriorityGroup=NVIC_PRIORITYGROUP_0
Mcu.Pin11=PC4
Mcu.Pin12=PC5
RCC.PLLM=8
RCC.PLLN=336
Mcu.Pin10=PA6
PA2.Mode=Asynchronous
PB8.Signal=GPIO_Output
PC8.Locked=true
PC9.Signal=S_TIM8_CH4
TIM16.IPParameters=Channel,Prescaler,Period,ICPolarity_CH1
PF0-OSC_IN.Signal=RCC_OSC_IN
NVIC.TIM4_IRQn=true\:0\:0\:false\:false\:true\:true\:true
RCC.I2C2Freq_Value=8000000
RCC.APB1Freq_Value=36000000
PA5.GPIO_Mode=GPIO_MODE_OUTPUT_PP
PB11.Locked=true
ProjectManager.DeviceId=STM32F303RETx
ProjectManager.LibraryCopy=1
PA3.GPIO_Label=USART_RX
PA6.Locked=true
